// !$*UTF8*$!
{
	archiveVersion = 1;
	classes = {
	};
	objectVersion = 56;
	objects = {

/* Begin PBXBuildFile section */
		CD0740A52A16F3D100CD438D /* CalendarView.swift in Sources */ = {isa = PBXBuildFile; fileRef = CD0740A42A16F3D100CD438D /* CalendarView.swift */; };
		CD0B8C0529F25F930005ACF4 /* EmologApp.swift in Sources */ = {isa = PBXBuildFile; fileRef = CD0B8C0429F25F930005ACF4 /* EmologApp.swift */; };
		CD0B8C0929F25F940005ACF4 /* Assets.xcassets in Resources */ = {isa = PBXBuildFile; fileRef = CD0B8C0829F25F940005ACF4 /* Assets.xcassets */; };
		CD0B8C0C29F25F940005ACF4 /* Preview Assets.xcassets in Resources */ = {isa = PBXBuildFile; fileRef = CD0B8C0B29F25F940005ACF4 /* Preview Assets.xcassets */; };
		CD0B8C1629F25F940005ACF4 /* EmologTests.swift in Sources */ = {isa = PBXBuildFile; fileRef = CD0B8C1529F25F940005ACF4 /* EmologTests.swift */; };
		CD0B8C2029F25F940005ACF4 /* EmologUITests.swift in Sources */ = {isa = PBXBuildFile; fileRef = CD0B8C1F29F25F940005ACF4 /* EmologUITests.swift */; };
		CD0B8C2229F25F940005ACF4 /* EmologUITestsLaunchTests.swift in Sources */ = {isa = PBXBuildFile; fileRef = CD0B8C2129F25F940005ACF4 /* EmologUITestsLaunchTests.swift */; };
		CD0B8C3629F27B6C0005ACF4 /* EmojiPicker.swift in Sources */ = {isa = PBXBuildFile; fileRef = CD0B8C3529F27B6C0005ACF4 /* EmojiPicker.swift */; };
		CD398E282A455A6B0086960C /* LogRepository.swift in Sources */ = {isa = PBXBuildFile; fileRef = CD398E272A455A6B0086960C /* LogRepository.swift */; };
		CD74B9A62A677A24008C7FA8 /* CalendarUtil.swift in Sources */ = {isa = PBXBuildFile; fileRef = CD74B9A52A677A24008C7FA8 /* CalendarUtil.swift */; };
		CD74B9A82A67B9A2008C7FA8 /* EditLogView.swift in Sources */ = {isa = PBXBuildFile; fileRef = CD74B9A72A67B9A2008C7FA8 /* EditLogView.swift */; };
		CDAAC6CE2A8F08BD00E87B2D /* EmoLog.xcdatamodeld in Sources */ = {isa = PBXBuildFile; fileRef = CDAAC6CC2A8F08BD00E87B2D /* EmoLog.xcdatamodeld */; };
		CDAAC6D22A8F280700E87B2D /* PersistenceController.swift in Sources */ = {isa = PBXBuildFile; fileRef = CDAAC6D12A8F280700E87B2D /* PersistenceController.swift */; };
		CDAAC6D52A8F2D0900E87B2D /* EmoLog+CoreDataClass.swift in Sources */ = {isa = PBXBuildFile; fileRef = CDAAC6D32A8F2D0900E87B2D /* EmoLog+CoreDataClass.swift */; };
		CDAAC6D62A8F2D0900E87B2D /* EmoLog+CoreDataProperties.swift in Sources */ = {isa = PBXBuildFile; fileRef = CDAAC6D42A8F2D0900E87B2D /* EmoLog+CoreDataProperties.swift */; };
		CDBB6DEF2ABD14ED00E5606D /* CreateLogView.swift in Sources */ = {isa = PBXBuildFile; fileRef = CDBB6DEE2ABD14ED00E5606D /* CreateLogView.swift */; };
/* End PBXBuildFile section */

/* Begin PBXContainerItemProxy section */
		CD0B8C1229F25F940005ACF4 /* PBXContainerItemProxy */ = {
			isa = PBXContainerItemProxy;
			containerPortal = CD0B8BF929F25F930005ACF4 /* Project object */;
			proxyType = 1;
			remoteGlobalIDString = CD0B8C0029F25F930005ACF4;
			remoteInfo = Emolog;
		};
		CD0B8C1C29F25F940005ACF4 /* PBXContainerItemProxy */ = {
			isa = PBXContainerItemProxy;
			containerPortal = CD0B8BF929F25F930005ACF4 /* Project object */;
			proxyType = 1;
			remoteGlobalIDString = CD0B8C0029F25F930005ACF4;
			remoteInfo = Emolog;
		};
/* End PBXContainerItemProxy section */

/* Begin PBXFileReference section */
		CD0740A42A16F3D100CD438D /* CalendarView.swift */ = {isa = PBXFileReference; lastKnownFileType = sourcecode.swift; path = CalendarView.swift; sourceTree = "<group>"; };
		CD0B8C0129F25F930005ACF4 /* Emolog.app */ = {isa = PBXFileReference; explicitFileType = wrapper.application; includeInIndex = 0; path = Emolog.app; sourceTree = BUILT_PRODUCTS_DIR; };
		CD0B8C0429F25F930005ACF4 /* EmologApp.swift */ = {isa = PBXFileReference; lastKnownFileType = sourcecode.swift; path = EmologApp.swift; sourceTree = "<group>"; };
		CD0B8C0829F25F940005ACF4 /* Assets.xcassets */ = {isa = PBXFileReference; lastKnownFileType = folder.assetcatalog; path = Assets.xcassets; sourceTree = "<group>"; };
		CD0B8C0B29F25F940005ACF4 /* Preview Assets.xcassets */ = {isa = PBXFileReference; lastKnownFileType = folder.assetcatalog; path = "Preview Assets.xcassets"; sourceTree = "<group>"; };
		CD0B8C1129F25F940005ACF4 /* EmologTests.xctest */ = {isa = PBXFileReference; explicitFileType = wrapper.cfbundle; includeInIndex = 0; path = EmologTests.xctest; sourceTree = BUILT_PRODUCTS_DIR; };
		CD0B8C1529F25F940005ACF4 /* EmologTests.swift */ = {isa = PBXFileReference; lastKnownFileType = sourcecode.swift; path = EmologTests.swift; sourceTree = "<group>"; };
		CD0B8C1B29F25F940005ACF4 /* EmologUITests.xctest */ = {isa = PBXFileReference; explicitFileType = wrapper.cfbundle; includeInIndex = 0; path = EmologUITests.xctest; sourceTree = BUILT_PRODUCTS_DIR; };
		CD0B8C1F29F25F940005ACF4 /* EmologUITests.swift */ = {isa = PBXFileReference; lastKnownFileType = sourcecode.swift; path = EmologUITests.swift; sourceTree = "<group>"; };
		CD0B8C2129F25F940005ACF4 /* EmologUITestsLaunchTests.swift */ = {isa = PBXFileReference; lastKnownFileType = sourcecode.swift; path = EmologUITestsLaunchTests.swift; sourceTree = "<group>"; };
		CD0B8C3529F27B6C0005ACF4 /* EmojiPicker.swift */ = {isa = PBXFileReference; lastKnownFileType = sourcecode.swift; path = EmojiPicker.swift; sourceTree = "<group>"; };
		CD398E272A455A6B0086960C /* LogRepository.swift */ = {isa = PBXFileReference; lastKnownFileType = sourcecode.swift; path = LogRepository.swift; sourceTree = "<group>"; };
		CD72C7492AE25013005C8A8E /* Info.plist */ = {isa = PBXFileReference; lastKnownFileType = text.plist; path = Info.plist; sourceTree = "<group>"; };
		CD74B9A52A677A24008C7FA8 /* CalendarUtil.swift */ = {isa = PBXFileReference; lastKnownFileType = sourcecode.swift; path = CalendarUtil.swift; sourceTree = "<group>"; };
		CD74B9A72A67B9A2008C7FA8 /* EditLogView.swift */ = {isa = PBXFileReference; lastKnownFileType = sourcecode.swift; path = EditLogView.swift; sourceTree = "<group>"; };
		CDAAC6CD2A8F08BD00E87B2D /* EmoLog.xcdatamodel */ = {isa = PBXFileReference; lastKnownFileType = wrapper.xcdatamodel; path = EmoLog.xcdatamodel; sourceTree = "<group>"; };
		CDAAC6D12A8F280700E87B2D /* PersistenceController.swift */ = {isa = PBXFileReference; lastKnownFileType = sourcecode.swift; path = PersistenceController.swift; sourceTree = "<group>"; };
		CDAAC6D32A8F2D0900E87B2D /* EmoLog+CoreDataClass.swift */ = {isa = PBXFileReference; lastKnownFileType = sourcecode.swift; path = "EmoLog+CoreDataClass.swift"; sourceTree = "<group>"; };
		CDAAC6D42A8F2D0900E87B2D /* EmoLog+CoreDataProperties.swift */ = {isa = PBXFileReference; lastKnownFileType = sourcecode.swift; path = "EmoLog+CoreDataProperties.swift"; sourceTree = "<group>"; };
		CDBB6DEE2ABD14ED00E5606D /* CreateLogView.swift */ = {isa = PBXFileReference; lastKnownFileType = sourcecode.swift; path = CreateLogView.swift; sourceTree = "<group>"; };
/* End PBXFileReference section */

/* Begin PBXFrameworksBuildPhase section */
		CD0B8BFE29F25F930005ACF4 /* Frameworks */ = {
			isa = PBXFrameworksBuildPhase;
			buildActionMask = 2147483647;
			files = (
			);
			runOnlyForDeploymentPostprocessing = 0;
		};
		CD0B8C0E29F25F940005ACF4 /* Frameworks */ = {
			isa = PBXFrameworksBuildPhase;
			buildActionMask = 2147483647;
			files = (
			);
			runOnlyForDeploymentPostprocessing = 0;
		};
		CD0B8C1829F25F940005ACF4 /* Frameworks */ = {
			isa = PBXFrameworksBuildPhase;
			buildActionMask = 2147483647;
			files = (
			);
			runOnlyForDeploymentPostprocessing = 0;
		};
/* End PBXFrameworksBuildPhase section */

/* Begin PBXGroup section */
		CD0B8BF829F25F930005ACF4 = {
			isa = PBXGroup;
			children = (
				CD0B8C0329F25F930005ACF4 /* Emolog */,
				CD0B8C1429F25F940005ACF4 /* EmologTests */,
				CD0B8C1E29F25F940005ACF4 /* EmologUITests */,
				CD0B8C0229F25F930005ACF4 /* Products */,
			);
			sourceTree = "<group>";
		};
		CD0B8C0229F25F930005ACF4 /* Products */ = {
			isa = PBXGroup;
			children = (
				CD0B8C0129F25F930005ACF4 /* Emolog.app */,
				CD0B8C1129F25F940005ACF4 /* EmologTests.xctest */,
				CD0B8C1B29F25F940005ACF4 /* EmologUITests.xctest */,
			);
			name = Products;
			sourceTree = "<group>";
		};
		CD0B8C0329F25F930005ACF4 /* Emolog */ = {
			isa = PBXGroup;
			children = (
				CD72C7492AE25013005C8A8E /* Info.plist */,
				CD74B9A42A677A03008C7FA8 /* Util */,
				CD398E252A455A450086960C /* Repository */,
				CD0B8C3229F261E10005ACF4 /* View */,
				CD0B8C2F29F260560005ACF4 /* Model */,
				CD0B8C0429F25F930005ACF4 /* EmologApp.swift */,
				CD0B8C0829F25F940005ACF4 /* Assets.xcassets */,
				CD0B8C0A29F25F940005ACF4 /* Preview Content */,
			);
			path = Emolog;
			sourceTree = "<group>";
		};
		CD0B8C0A29F25F940005ACF4 /* Preview Content */ = {
			isa = PBXGroup;
			children = (
				CD0B8C0B29F25F940005ACF4 /* Preview Assets.xcassets */,
			);
			path = "Preview Content";
			sourceTree = "<group>";
		};
		CD0B8C1429F25F940005ACF4 /* EmologTests */ = {
			isa = PBXGroup;
			children = (
				CD0B8C1529F25F940005ACF4 /* EmologTests.swift */,
			);
			path = EmologTests;
			sourceTree = "<group>";
		};
		CD0B8C1E29F25F940005ACF4 /* EmologUITests */ = {
			isa = PBXGroup;
			children = (
				CD0B8C1F29F25F940005ACF4 /* EmologUITests.swift */,
				CD0B8C2129F25F940005ACF4 /* EmologUITestsLaunchTests.swift */,
			);
			path = EmologUITests;
			sourceTree = "<group>";
		};
		CD0B8C2F29F260560005ACF4 /* Model */ = {
			isa = PBXGroup;
			children = (
				CDAAC6D42A8F2D0900E87B2D /* EmoLog+CoreDataProperties.swift */,
				CDAAC6D32A8F2D0900E87B2D /* EmoLog+CoreDataClass.swift */,
				CDAAC6CC2A8F08BD00E87B2D /* EmoLog.xcdatamodeld */,
				CDAAC6D12A8F280700E87B2D /* PersistenceController.swift */,
			);
			path = Model;
			sourceTree = "<group>";
		};
		CD0B8C3229F261E10005ACF4 /* View */ = {
			isa = PBXGroup;
			children = (
				CD0740A42A16F3D100CD438D /* CalendarView.swift */,
				CD0B8C3529F27B6C0005ACF4 /* EmojiPicker.swift */,
				CD74B9A72A67B9A2008C7FA8 /* EditLogView.swift */,
				CDBB6DEE2ABD14ED00E5606D /* CreateLogView.swift */,
			);
			path = View;
			sourceTree = "<group>";
		};
		CD398E252A455A450086960C /* Repository */ = {
			isa = PBXGroup;
			children = (
				CD398E272A455A6B0086960C /* LogRepository.swift */,
			);
			path = Repository;
			sourceTree = "<group>";
		};
		CD74B9A42A677A03008C7FA8 /* Util */ = {
			isa = PBXGroup;
			children = (
				CD74B9A52A677A24008C7FA8 /* CalendarUtil.swift */,
			);
			path = Util;
			sourceTree = "<group>";
		};
/* End PBXGroup section */

/* Begin PBXNativeTarget section */
		CD0B8C0029F25F930005ACF4 /* Emolog */ = {
			isa = PBXNativeTarget;
			buildConfigurationList = CD0B8C2529F25F940005ACF4 /* Build configuration list for PBXNativeTarget "Emolog" */;
			buildPhases = (
				CD0B8BFD29F25F930005ACF4 /* Sources */,
				CD0B8BFE29F25F930005ACF4 /* Frameworks */,
				CD0B8BFF29F25F930005ACF4 /* Resources */,
			);
			buildRules = (
			);
			dependencies = (
			);
			name = Emolog;
			productName = Emolog;
			productReference = CD0B8C0129F25F930005ACF4 /* Emolog.app */;
			productType = "com.apple.product-type.application";
		};
		CD0B8C1029F25F940005ACF4 /* EmologTests */ = {
			isa = PBXNativeTarget;
			buildConfigurationList = CD0B8C2829F25F940005ACF4 /* Build configuration list for PBXNativeTarget "EmologTests" */;
			buildPhases = (
				CD0B8C0D29F25F940005ACF4 /* Sources */,
				CD0B8C0E29F25F940005ACF4 /* Frameworks */,
				CD0B8C0F29F25F940005ACF4 /* Resources */,
			);
			buildRules = (
			);
			dependencies = (
				CD0B8C1329F25F940005ACF4 /* PBXTargetDependency */,
			);
			name = EmologTests;
			productName = EmologTests;
			productReference = CD0B8C1129F25F940005ACF4 /* EmologTests.xctest */;
			productType = "com.apple.product-type.bundle.unit-test";
		};
		CD0B8C1A29F25F940005ACF4 /* EmologUITests */ = {
			isa = PBXNativeTarget;
			buildConfigurationList = CD0B8C2B29F25F940005ACF4 /* Build configuration list for PBXNativeTarget "EmologUITests" */;
			buildPhases = (
				CD0B8C1729F25F940005ACF4 /* Sources */,
				CD0B8C1829F25F940005ACF4 /* Frameworks */,
				CD0B8C1929F25F940005ACF4 /* Resources */,
			);
			buildRules = (
			);
			dependencies = (
				CD0B8C1D29F25F940005ACF4 /* PBXTargetDependency */,
			);
			name = EmologUITests;
			productName = EmologUITests;
			productReference = CD0B8C1B29F25F940005ACF4 /* EmologUITests.xctest */;
			productType = "com.apple.product-type.bundle.ui-testing";
		};
/* End PBXNativeTarget section */

/* Begin PBXProject section */
		CD0B8BF929F25F930005ACF4 /* Project object */ = {
			isa = PBXProject;
			attributes = {
				BuildIndependentTargetsInParallel = 1;
				LastSwiftUpdateCheck = 1430;
				LastUpgradeCheck = 1500;
				TargetAttributes = {
					CD0B8C0029F25F930005ACF4 = {
						CreatedOnToolsVersion = 14.3;
					};
					CD0B8C1029F25F940005ACF4 = {
						CreatedOnToolsVersion = 14.3;
						TestTargetID = CD0B8C0029F25F930005ACF4;
					};
					CD0B8C1A29F25F940005ACF4 = {
						CreatedOnToolsVersion = 14.3;
						TestTargetID = CD0B8C0029F25F930005ACF4;
					};
				};
			};
			buildConfigurationList = CD0B8BFC29F25F930005ACF4 /* Build configuration list for PBXProject "Emolog" */;
			compatibilityVersion = "Xcode 14.0";
			developmentRegion = en;
			hasScannedForEncodings = 0;
			knownRegions = (
				en,
				Base,
			);
			mainGroup = CD0B8BF829F25F930005ACF4;
			productRefGroup = CD0B8C0229F25F930005ACF4 /* Products */;
			projectDirPath = "";
			projectRoot = "";
			targets = (
				CD0B8C0029F25F930005ACF4 /* Emolog */,
				CD0B8C1029F25F940005ACF4 /* EmologTests */,
				CD0B8C1A29F25F940005ACF4 /* EmologUITests */,
			);
		};
/* End PBXProject section */

/* Begin PBXResourcesBuildPhase section */
		CD0B8BFF29F25F930005ACF4 /* Resources */ = {
			isa = PBXResourcesBuildPhase;
			buildActionMask = 2147483647;
			files = (
				CD0B8C0C29F25F940005ACF4 /* Preview Assets.xcassets in Resources */,
				CD0B8C0929F25F940005ACF4 /* Assets.xcassets in Resources */,
			);
			runOnlyForDeploymentPostprocessing = 0;
		};
		CD0B8C0F29F25F940005ACF4 /* Resources */ = {
			isa = PBXResourcesBuildPhase;
			buildActionMask = 2147483647;
			files = (
			);
			runOnlyForDeploymentPostprocessing = 0;
		};
		CD0B8C1929F25F940005ACF4 /* Resources */ = {
			isa = PBXResourcesBuildPhase;
			buildActionMask = 2147483647;
			files = (
			);
			runOnlyForDeploymentPostprocessing = 0;
		};
/* End PBXResourcesBuildPhase section */

/* Begin PBXSourcesBuildPhase section */
		CD0B8BFD29F25F930005ACF4 /* Sources */ = {
			isa = PBXSourcesBuildPhase;
			buildActionMask = 2147483647;
			files = (
				CD398E282A455A6B0086960C /* LogRepository.swift in Sources */,
				CD0B8C0529F25F930005ACF4 /* EmologApp.swift in Sources */,
				CDAAC6D52A8F2D0900E87B2D /* EmoLog+CoreDataClass.swift in Sources */,
				CD0740A52A16F3D100CD438D /* CalendarView.swift in Sources */,
				CDAAC6D62A8F2D0900E87B2D /* EmoLog+CoreDataProperties.swift in Sources */,
				CDBB6DEF2ABD14ED00E5606D /* CreateLogView.swift in Sources */,
				CD0B8C3629F27B6C0005ACF4 /* EmojiPicker.swift in Sources */,
				CD74B9A62A677A24008C7FA8 /* CalendarUtil.swift in Sources */,
				CD74B9A82A67B9A2008C7FA8 /* EditLogView.swift in Sources */,
				CDAAC6CE2A8F08BD00E87B2D /* EmoLog.xcdatamodeld in Sources */,
				CDAAC6D22A8F280700E87B2D /* PersistenceController.swift in Sources */,
			);
			runOnlyForDeploymentPostprocessing = 0;
		};
		CD0B8C0D29F25F940005ACF4 /* Sources */ = {
			isa = PBXSourcesBuildPhase;
			buildActionMask = 2147483647;
			files = (
				CD0B8C1629F25F940005ACF4 /* EmologTests.swift in Sources */,
			);
			runOnlyForDeploymentPostprocessing = 0;
		};
		CD0B8C1729F25F940005ACF4 /* Sources */ = {
			isa = PBXSourcesBuildPhase;
			buildActionMask = 2147483647;
			files = (
				CD0B8C2029F25F940005ACF4 /* EmologUITests.swift in Sources */,
				CD0B8C2229F25F940005ACF4 /* EmologUITestsLaunchTests.swift in Sources */,
			);
			runOnlyForDeploymentPostprocessing = 0;
		};
/* End PBXSourcesBuildPhase section */

/* Begin PBXTargetDependency section */
		CD0B8C1329F25F940005ACF4 /* PBXTargetDependency */ = {
			isa = PBXTargetDependency;
			target = CD0B8C0029F25F930005ACF4 /* Emolog */;
			targetProxy = CD0B8C1229F25F940005ACF4 /* PBXContainerItemProxy */;
		};
		CD0B8C1D29F25F940005ACF4 /* PBXTargetDependency */ = {
			isa = PBXTargetDependency;
			target = CD0B8C0029F25F930005ACF4 /* Emolog */;
			targetProxy = CD0B8C1C29F25F940005ACF4 /* PBXContainerItemProxy */;
		};
/* End PBXTargetDependency section */

/* Begin XCBuildConfiguration section */
		CD0B8C2329F25F940005ACF4 /* Debug */ = {
			isa = XCBuildConfiguration;
			buildSettings = {
				ALWAYS_SEARCH_USER_PATHS = NO;
				CLANG_ANALYZER_NONNULL = YES;
				CLANG_ANALYZER_NUMBER_OBJECT_CONVERSION = YES_AGGRESSIVE;
				CLANG_CXX_LANGUAGE_STANDARD = "gnu++20";
				CLANG_ENABLE_MODULES = YES;
				CLANG_ENABLE_OBJC_ARC = YES;
				CLANG_ENABLE_OBJC_WEAK = YES;
				CLANG_WARN_BLOCK_CAPTURE_AUTORELEASING = YES;
				CLANG_WARN_BOOL_CONVERSION = YES;
				CLANG_WARN_COMMA = YES;
				CLANG_WARN_CONSTANT_CONVERSION = YES;
				CLANG_WARN_DEPRECATED_OBJC_IMPLEMENTATIONS = YES;
				CLANG_WARN_DIRECT_OBJC_ISA_USAGE = YES_ERROR;
				CLANG_WARN_DOCUMENTATION_COMMENTS = YES;
				CLANG_WARN_EMPTY_BODY = YES;
				CLANG_WARN_ENUM_CONVERSION = YES;
				CLANG_WARN_INFINITE_RECURSION = YES;
				CLANG_WARN_INT_CONVERSION = YES;
				CLANG_WARN_NON_LITERAL_NULL_CONVERSION = YES;
				CLANG_WARN_OBJC_IMPLICIT_RETAIN_SELF = YES;
				CLANG_WARN_OBJC_LITERAL_CONVERSION = YES;
				CLANG_WARN_OBJC_ROOT_CLASS = YES_ERROR;
				CLANG_WARN_QUOTED_INCLUDE_IN_FRAMEWORK_HEADER = YES;
				CLANG_WARN_RANGE_LOOP_ANALYSIS = YES;
				CLANG_WARN_STRICT_PROTOTYPES = YES;
				CLANG_WARN_SUSPICIOUS_MOVE = YES;
				CLANG_WARN_UNGUARDED_AVAILABILITY = YES_AGGRESSIVE;
				CLANG_WARN_UNREACHABLE_CODE = YES;
				CLANG_WARN__DUPLICATE_METHOD_MATCH = YES;
				COPY_PHASE_STRIP = NO;
				DEBUG_INFORMATION_FORMAT = dwarf;
				ENABLE_STRICT_OBJC_MSGSEND = YES;
				ENABLE_TESTABILITY = YES;
				ENABLE_USER_SCRIPT_SANDBOXING = YES;
				GCC_C_LANGUAGE_STANDARD = gnu11;
				GCC_DYNAMIC_NO_PIC = NO;
				GCC_NO_COMMON_BLOCKS = YES;
				GCC_OPTIMIZATION_LEVEL = 0;
				GCC_PREPROCESSOR_DEFINITIONS = (
					"DEBUG=1",
					"$(inherited)",
				);
				GCC_WARN_64_TO_32_BIT_CONVERSION = YES;
				GCC_WARN_ABOUT_RETURN_TYPE = YES_ERROR;
				GCC_WARN_UNDECLARED_SELECTOR = YES;
				GCC_WARN_UNINITIALIZED_AUTOS = YES_AGGRESSIVE;
				GCC_WARN_UNUSED_FUNCTION = YES;
				GCC_WARN_UNUSED_VARIABLE = YES;
				IPHONEOS_DEPLOYMENT_TARGET = 16.4;
				MTL_ENABLE_DEBUG_INFO = INCLUDE_SOURCE;
				MTL_FAST_MATH = YES;
				ONLY_ACTIVE_ARCH = YES;
				SDKROOT = iphoneos;
				SWIFT_ACTIVE_COMPILATION_CONDITIONS = DEBUG;
				SWIFT_OPTIMIZATION_LEVEL = "-Onone";
			};
			name = Debug;
		};
		CD0B8C2429F25F940005ACF4 /* Release */ = {
			isa = XCBuildConfiguration;
			buildSettings = {
				ALWAYS_SEARCH_USER_PATHS = NO;
				CLANG_ANALYZER_NONNULL = YES;
				CLANG_ANALYZER_NUMBER_OBJECT_CONVERSION = YES_AGGRESSIVE;
				CLANG_CXX_LANGUAGE_STANDARD = "gnu++20";
				CLANG_ENABLE_MODULES = YES;
				CLANG_ENABLE_OBJC_ARC = YES;
				CLANG_ENABLE_OBJC_WEAK = YES;
				CLANG_WARN_BLOCK_CAPTURE_AUTORELEASING = YES;
				CLANG_WARN_BOOL_CONVERSION = YES;
				CLANG_WARN_COMMA = YES;
				CLANG_WARN_CONSTANT_CONVERSION = YES;
				CLANG_WARN_DEPRECATED_OBJC_IMPLEMENTATIONS = YES;
				CLANG_WARN_DIRECT_OBJC_ISA_USAGE = YES_ERROR;
				CLANG_WARN_DOCUMENTATION_COMMENTS = YES;
				CLANG_WARN_EMPTY_BODY = YES;
				CLANG_WARN_ENUM_CONVERSION = YES;
				CLANG_WARN_INFINITE_RECURSION = YES;
				CLANG_WARN_INT_CONVERSION = YES;
				CLANG_WARN_NON_LITERAL_NULL_CONVERSION = YES;
				CLANG_WARN_OBJC_IMPLICIT_RETAIN_SELF = YES;
				CLANG_WARN_OBJC_LITERAL_CONVERSION = YES;
				CLANG_WARN_OBJC_ROOT_CLASS = YES_ERROR;
				CLANG_WARN_QUOTED_INCLUDE_IN_FRAMEWORK_HEADER = YES;
				CLANG_WARN_RANGE_LOOP_ANALYSIS = YES;
				CLANG_WARN_STRICT_PROTOTYPES = YES;
				CLANG_WARN_SUSPICIOUS_MOVE = YES;
				CLANG_WARN_UNGUARDED_AVAILABILITY = YES_AGGRESSIVE;
				CLANG_WARN_UNREACHABLE_CODE = YES;
				CLANG_WARN__DUPLICATE_METHOD_MATCH = YES;
				COPY_PHASE_STRIP = NO;
				DEBUG_INFORMATION_FORMAT = "dwarf-with-dsym";
				ENABLE_NS_ASSERTIONS = NO;
				ENABLE_STRICT_OBJC_MSGSEND = YES;
				ENABLE_USER_SCRIPT_SANDBOXING = YES;
				GCC_C_LANGUAGE_STANDARD = gnu11;
				GCC_NO_COMMON_BLOCKS = YES;
				GCC_WARN_64_TO_32_BIT_CONVERSION = YES;
				GCC_WARN_ABOUT_RETURN_TYPE = YES_ERROR;
				GCC_WARN_UNDECLARED_SELECTOR = YES;
				GCC_WARN_UNINITIALIZED_AUTOS = YES_AGGRESSIVE;
				GCC_WARN_UNUSED_FUNCTION = YES;
				GCC_WARN_UNUSED_VARIABLE = YES;
				IPHONEOS_DEPLOYMENT_TARGET = 16.4;
				MTL_ENABLE_DEBUG_INFO = NO;
				MTL_FAST_MATH = YES;
				SDKROOT = iphoneos;
				SWIFT_COMPILATION_MODE = wholemodule;
				SWIFT_OPTIMIZATION_LEVEL = "-O";
				VALIDATE_PRODUCT = YES;
			};
			name = Release;
		};
		CD0B8C2629F25F940005ACF4 /* Debug */ = {
			isa = XCBuildConfiguration;
			buildSettings = {
				ASSETCATALOG_COMPILER_APPICON_NAME = AppIcon;
				ASSETCATALOG_COMPILER_GLOBAL_ACCENT_COLOR_NAME = AccentColor;
				CODE_SIGN_STYLE = Automatic;
				CURRENT_PROJECT_VERSION = 1;
				DEBUG_INFORMATION_FORMAT = "dwarf-with-dsym";
				DEVELOPMENT_ASSET_PATHS = "\"Emolog/Preview Content\"";
				DEVELOPMENT_TEAM = RUX68LZS8U;
				ENABLE_PREVIEWS = YES;
				GENERATE_INFOPLIST_FILE = YES;
				INFOPLIST_FILE = Emolog/Info.plist;
				INFOPLIST_KEY_CFBundleDisplayName = "";
				INFOPLIST_KEY_LSApplicationCategoryType = "";
				INFOPLIST_KEY_UIApplicationSceneManifest_Generation = YES;
				INFOPLIST_KEY_UIApplicationSupportsIndirectInputEvents = YES;
				INFOPLIST_KEY_UILaunchScreen_Generation = YES;
				INFOPLIST_KEY_UISupportedInterfaceOrientations_iPad = "UIInterfaceOrientationPortrait UIInterfaceOrientationPortraitUpsideDown UIInterfaceOrientationLandscapeLeft UIInterfaceOrientationLandscapeRight";
				INFOPLIST_KEY_UISupportedInterfaceOrientations_iPhone = "UIInterfaceOrientationPortraitUpsideDown UIInterfaceOrientationPortrait UIInterfaceOrientationLandscapeLeft UIInterfaceOrientationLandscapeRight";
				LD_RUNPATH_SEARCH_PATHS = (
					"$(inherited)",
					"@executable_path/Frameworks",
				);
				MARKETING_VERSION = 1.0.1;
				PRODUCT_BUNDLE_IDENTIFIER = com.44masa.emoLog;
				PRODUCT_NAME = "$(TARGET_NAME)";
				SWIFT_EMIT_LOC_STRINGS = YES;
				SWIFT_VERSION = 5.0;
				TARGETED_DEVICE_FAMILY = "1,2";
			};
			name = Debug;
		};
		CD0B8C2729F25F940005ACF4 /* Release */ = {
			isa = XCBuildConfiguration;
			buildSettings = {
				ASSETCATALOG_COMPILER_APPICON_NAME = AppIcon;
				ASSETCATALOG_COMPILER_GLOBAL_ACCENT_COLOR_NAME = AccentColor;
				CODE_SIGN_STYLE = Automatic;
				CURRENT_PROJECT_VERSION = 1;
				DEVELOPMENT_ASSET_PATHS = "\"Emolog/Preview Content\"";
				DEVELOPMENT_TEAM = RUX68LZS8U;
				ENABLE_PREVIEWS = YES;
				GENERATE_INFOPLIST_FILE = YES;
				INFOPLIST_FILE = Emolog/Info.plist;
				INFOPLIST_KEY_CFBundleDisplayName = "";
				INFOPLIST_KEY_LSApplicationCategoryType = "";
				INFOPLIST_KEY_UIApplicationSceneManifest_Generation = YES;
				INFOPLIST_KEY_UIApplicationSupportsIndirectInputEvents = YES;
				INFOPLIST_KEY_UILaunchScreen_Generation = YES;
				INFOPLIST_KEY_UISupportedInterfaceOrientations_iPad = "UIInterfaceOrientationPortrait UIInterfaceOrientationPortraitUpsideDown UIInterfaceOrientationLandscapeLeft UIInterfaceOrientationLandscapeRight";
				INFOPLIST_KEY_UISupportedInterfaceOrientations_iPhone = "UIInterfaceOrientationPortraitUpsideDown UIInterfaceOrientationPortrait UIInterfaceOrientationLandscapeLeft UIInterfaceOrientationLandscapeRight";
				LD_RUNPATH_SEARCH_PATHS = (
					"$(inherited)",
					"@executable_path/Frameworks",
				);
				MARKETING_VERSION = 1.0.1;
				PRODUCT_BUNDLE_IDENTIFIER = com.44masa.emoLog;
				PRODUCT_NAME = "$(TARGET_NAME)";
				SWIFT_EMIT_LOC_STRINGS = YES;
				SWIFT_VERSION = 5.0;
				TARGETED_DEVICE_FAMILY = "1,2";
			};
			name = Release;
		};
		CD0B8C2929F25F940005ACF4 /* Debug */ = {
			isa = XCBuildConfiguration;
			buildSettings = {
				ALWAYS_EMBED_SWIFT_STANDARD_LIBRARIES = YES;
				BUNDLE_LOADER = "$(TEST_HOST)";
				CODE_SIGN_STYLE = Automatic;
				CURRENT_PROJECT_VERSION = 1;
				GENERATE_INFOPLIST_FILE = YES;
				IPHONEOS_DEPLOYMENT_TARGET = 16.4;
				MARKETING_VERSION = 1.0;
				PRODUCT_BUNDLE_IDENTIFIER = yoshimasa.EmologTests;
				PRODUCT_NAME = "$(TARGET_NAME)";
				SWIFT_EMIT_LOC_STRINGS = NO;
				SWIFT_VERSION = 5.0;
				TARGETED_DEVICE_FAMILY = "1,2";
				TEST_HOST = "$(BUILT_PRODUCTS_DIR)/Emolog.app/$(BUNDLE_EXECUTABLE_FOLDER_PATH)/Emolog";
			};
			name = Debug;
		};
		CD0B8C2A29F25F940005ACF4 /* Release */ = {
			isa = XCBuildConfiguration;
			buildSettings = {
				ALWAYS_EMBED_SWIFT_STANDARD_LIBRARIES = YES;
				BUNDLE_LOADER = "$(TEST_HOST)";
				CODE_SIGN_STYLE = Automatic;
				CURRENT_PROJECT_VERSION = 1;
				GENERATE_INFOPLIST_FILE = YES;
				IPHONEOS_DEPLOYMENT_TARGET = 16.4;
				MARKETING_VERSION = 1.0;
				PRODUCT_BUNDLE_IDENTIFIER = yoshimasa.EmologTests;
				PRODUCT_NAME = "$(TARGET_NAME)";
				SWIFT_EMIT_LOC_STRINGS = NO;
				SWIFT_VERSION = 5.0;
				TARGETED_DEVICE_FAMILY = "1,2";
				TEST_HOST = "$(BUILT_PRODUCTS_DIR)/Emolog.app/$(BUNDLE_EXECUTABLE_FOLDER_PATH)/Emolog";
			};
			name = Release;
		};
		CD0B8C2C29F25F940005ACF4 /* Debug */ = {
			isa = XCBuildConfiguration;
			buildSettings = {
				ALWAYS_EMBED_SWIFT_STANDARD_LIBRARIES = YES;
				CODE_SIGN_STYLE = Automatic;
				CURRENT_PROJECT_VERSION = 1;
				GENERATE_INFOPLIST_FILE = YES;
				MARKETING_VERSION = 1.0;
				PRODUCT_BUNDLE_IDENTIFIER = yoshimasa.EmologUITests;
				PRODUCT_NAME = "$(TARGET_NAME)";
				SWIFT_EMIT_LOC_STRINGS = NO;
				SWIFT_VERSION = 5.0;
				TARGETED_DEVICE_FAMILY = "1,2";
				TEST_TARGET_NAME = Emolog;
			};
			name = Debug;
		};
		CD0B8C2D29F25F940005ACF4 /* Release */ = {
			isa = XCBuildConfiguration;
			buildSettings = {
				ALWAYS_EMBED_SWIFT_STANDARD_LIBRARIES = YES;
				CODE_SIGN_STYLE = Automatic;
				CURRENT_PROJECT_VERSION = 1;
				GENERATE_INFOPLIST_FILE = YES;
				MARKETING_VERSION = 1.0;
				PRODUCT_BUNDLE_IDENTIFIER = yoshimasa.EmologUITests;
				PRODUCT_NAME = "$(TARGET_NAME)";
				SWIFT_EMIT_LOC_STRINGS = NO;
				SWIFT_VERSION = 5.0;
				TARGETED_DEVICE_FAMILY = "1,2";
				TEST_TARGET_NAME = Emolog;
			};
			name = Release;
		};
/* End XCBuildConfiguration section */

/* Begin XCConfigurationList section */
		CD0B8BFC29F25F930005ACF4 /* Build configuration list for PBXProject "Emolog" */ = {
			isa = XCConfigurationList;
			buildConfigurations = (
				CD0B8C2329F25F940005ACF4 /* Debug */,
				CD0B8C2429F25F940005ACF4 /* Release */,
			);
			defaultConfigurationIsVisible = 0;
			defaultConfigurationName = Release;
		};
		CD0B8C2529F25F940005ACF4 /* Build configuration list for PBXNativeTarget "Emolog" */ = {
			isa = XCConfigurationList;
			buildConfigurations = (
				CD0B8C2629F25F940005ACF4 /* Debug */,
				CD0B8C2729F25F940005ACF4 /* Release */,
			);
			defaultConfigurationIsVisible = 0;
			defaultConfigurationName = Release;
		};
		CD0B8C2829F25F940005ACF4 /* Build configuration list for PBXNativeTarget "EmologTests" */ = {
			isa = XCConfigurationList;
			buildConfigurations = (
				CD0B8C2929F25F940005ACF4 /* Debug */,
				CD0B8C2A29F25F940005ACF4 /* Release */,
			);
			defaultConfigurationIsVisible = 0;
			defaultConfigurationName = Release;
		};
		CD0B8C2B29F25F940005ACF4 /* Build configuration list for PBXNativeTarget "EmologUITests" */ = {
			isa = XCConfigurationList;
			buildConfigurations = (
				CD0B8C2C29F25F940005ACF4 /* Debug */,
				CD0B8C2D29F25F940005ACF4 /* Release */,
			);
			defaultConfigurationIsVisible = 0;
			defaultConfigurationName = Release;
		};
/* End XCConfigurationList section */

/* Begin XCVersionGroup section */
		CDAAC6CC2A8F08BD00E87B2D /* EmoLog.xcdatamodeld */ = {
			isa = XCVersionGroup;
			children = (
				CDAAC6CD2A8F08BD00E87B2D /* EmoLog.xcdatamodel */,
			);
			currentVersion = CDAAC6CD2A8F08BD00E87B2D /* EmoLog.xcdatamodel */;
			path = EmoLog.xcdatamodeld;
			sourceTree = "<group>";
			versionGroupType = wrapper.xcdatamodel;
		};
/* End XCVersionGroup section */
	};
	rootObject = CD0B8BF929F25F930005ACF4 /* Project object */;
}
